
Microsoft Visual Studio Solution File, Format Version 12.00
# Visual Studio Version 17
VisualStudioVersion = 17.14.36310.24 d17.14
MinimumVisualStudioVersion = 10.0.40219.1
Project("{FAE04EC0-301F-11D3-BF4B-00C04F79EFBC}") = "Constructor", "Constructor\Constructor.csproj", "{57A81F66-B12B-40CE-982E-84D30CF93FB6}"
EndProject
Global
	GlobalSection(SolutionConfigurationPlatforms) = preSolution
		Debug|Any CPU = Debug|Any CPU
		Release|Any CPU = Release|Any CPU
	EndGlobalSection
	GlobalSection(ProjectConfigurationPlatforms) = postSolution
		{57A81F66-B12B-40CE-982E-84D30CF93FB6}.Debug|Any CPU.ActiveCfg = Debug|Any CPU
		{57A81F66-B12B-40CE-982E-84D30CF93FB6}.Debug|Any CPU.Build.0 = Debug|Any CPU
		{57A81F66-B12B-40CE-982E-84D30CF93FB6}.Release|Any CPU.ActiveCfg = Release|Any CPU
		{57A81F66-B12B-40CE-982E-84D30CF93FB6}.Release|Any CPU.Build.0 = Release|Any CPU
	EndGlobalSection
	GlobalSection(SolutionProperties) = preSolution
		HideSolutionNode = FALSE
	EndGlobalSection
	GlobalSection(ExtensibilityGlobals) = postSolution
		SolutionGuid = {13E4B948-F1AE-4FF0-9B7F-DAAF3DEABA8D}
	EndGlobalSection
EndGlobal
